
Microsoft Visual Studio Solution File, Format Version 12.00
# Visual Studio Version 16
VisualStudioVersion = 16.0.31129.286
MinimumVisualStudioVersion = 10.0.40219.1
Project("{FAE04EC0-301F-11D3-BF4B-00C04F79EFBC}") = "AppApi", "AppApi\AppApi.csproj", "{C6841169-7D1A-4045-972F-5391072230E1}"
EndProject
Project("{FAE04EC0-301F-11D3-BF4B-00C04F79EFBC}") = "Client", "Client\Client.csproj", "{FAB48420-4C6C-46E7-9DEF-A433E38B4FF4}"
EndProject
Global
	GlobalSection(SolutionConfigurationPlatforms) = preSolution
		Debug|Any CPU = Debug|Any CPU
		Release|Any CPU = Release|Any CPU
	EndGlobalSection
	GlobalSection(ProjectConfigurationPlatforms) = postSolution
		{C6841169-7D1A-4045-972F-5391072230E1}.Debug|Any CPU.ActiveCfg = Debug|Any CPU
		{C6841169-7D1A-4045-972F-5391072230E1}.Debug|Any CPU.Build.0 = Debug|Any CPU
		{C6841169-7D1A-4045-972F-5391072230E1}.Release|Any CPU.ActiveCfg = Release|Any CPU
		{C6841169-7D1A-4045-972F-5391072230E1}.Release|Any CPU.Build.0 = Release|Any CPU
		{FAB48420-4C6C-46E7-9DEF-A433E38B4FF4}.Debug|Any CPU.ActiveCfg = Debug|Any CPU
		{FAB48420-4C6C-46E7-9DEF-A433E38B4FF4}.Debug|Any CPU.Build.0 = Debug|Any CPU
		{FAB48420-4C6C-46E7-9DEF-A433E38B4FF4}.Release|Any CPU.ActiveCfg = Release|Any CPU
		{FAB48420-4C6C-46E7-9DEF-A433E38B4FF4}.Release|Any CPU.Build.0 = Release|Any CPU
	EndGlobalSection
	GlobalSection(SolutionProperties) = preSolution
		HideSolutionNode = FALSE
	EndGlobalSection
	GlobalSection(ExtensibilityGlobals) = postSolution
		SolutionGuid = {516CAC01-8B6D-401F-9C97-DFA5B7AEB113}
	EndGlobalSection
EndGlobal
